
Microsoft Visual Studio Solution File, Format Version 12.00
# Visual Studio Version 17
VisualStudioVersion = 17.14.36511.14 d17.14
MinimumVisualStudioVersion = 10.0.40219.1
Project("{FAE04EC0-301F-11D3-BF4B-00C04F79EFBC}") = "LSPISP", "LSPISP.csproj", "{641FD1FF-AAB8-4CD9-B7C2-99CA48C0A069}"
EndProject
Global
	GlobalSection(SolutionConfigurationPlatforms) = preSolution
		Debug|Any CPU = Debug|Any CPU
		Release|Any CPU = Release|Any CPU
	EndGlobalSection
	GlobalSection(ProjectConfigurationPlatforms) = postSolution
		{641FD1FF-AAB8-4CD9-B7C2-99CA48C0A069}.Debug|Any CPU.ActiveCfg = Debug|Any CPU
		{641FD1FF-AAB8-4CD9-B7C2-99CA48C0A069}.Debug|Any CPU.Build.0 = Debug|Any CPU
		{641FD1FF-AAB8-4CD9-B7C2-99CA48C0A069}.Release|Any CPU.ActiveCfg = Release|Any CPU
		{641FD1FF-AAB8-4CD9-B7C2-99CA48C0A069}.Release|Any CPU.Build.0 = Release|Any CPU
	EndGlobalSection
	GlobalSection(SolutionProperties) = preSolution
		HideSolutionNode = FALSE
	EndGlobalSection
	GlobalSection(ExtensibilityGlobals) = postSolution
		SolutionGuid = {5FC8D933-659E-48AD-8EB0-8CC50B71367A}
	EndGlobalSection
EndGlobal
